// !$*UTF8*$!
{
	archiveVersion = 1;
	classes = {
	};
	objectVersion = 50;
	objects = {

/* Begin PBXBuildFile section */
		5DFCE751244F4713008A0600 /* AppDelegate.swift in Sources */ = {isa = PBXBuildFile; fileRef = 5DFCE750244F4713008A0600 /* AppDelegate.swift */; };
		5DFCE753244F4713008A0600 /* SceneDelegate.swift in Sources */ = {isa = PBXBuildFile; fileRef = 5DFCE752244F4713008A0600 /* SceneDelegate.swift */; };
		5DFCE755244F4713008A0600 /* ViewController.swift in Sources */ = {isa = PBXBuildFile; fileRef = 5DFCE754244F4713008A0600 /* ViewController.swift */; };
		5DFCE758244F4713008A0600 /* Main.storyboard in Resources */ = {isa = PBXBuildFile; fileRef = 5DFCE756244F4713008A0600 /* Main.storyboard */; };
		5DFCE75A244F4719008A0600 /* Assets.xcassets in Resources */ = {isa = PBXBuildFile; fileRef = 5DFCE759244F4719008A0600 /* Assets.xcassets */; };
		5DFCE75D244F4719008A0600 /* LaunchScreen.storyboard in Resources */ = {isa = PBXBuildFile; fileRef = 5DFCE75B244F4719008A0600 /* LaunchScreen.storyboard */; };
		5DFCE768244F4719008A0600 /* TiketTests.swift in Sources */ = {isa = PBXBuildFile; fileRef = 5DFCE767244F4719008A0600 /* TiketTests.swift */; };
		5DFCE773244F4719008A0600 /* TiketUITests.swift in Sources */ = {isa = PBXBuildFile; fileRef = 5DFCE772244F4719008A0600 /* TiketUITests.swift */; };
/* End PBXBuildFile section */

/* Begin PBXContainerItemProxy section */
		5DFCE764244F4719008A0600 /* PBXContainerItemProxy */ = {
			isa = PBXContainerItemProxy;
			containerPortal = 5DFCE745244F4713008A0600 /* Project object */;
			proxyType = 1;
			remoteGlobalIDString = 5DFCE74C244F4713008A0600;
			remoteInfo = Tiket;
		};
		5DFCE76F244F4719008A0600 /* PBXContainerItemProxy */ = {
			isa = PBXContainerItemProxy;
			containerPortal = 5DFCE745244F4713008A0600 /* Project object */;
			proxyType = 1;
			remoteGlobalIDString = 5DFCE74C244F4713008A0600;
			remoteInfo = Tiket;
		};
/* End PBXContainerItemProxy section */

/* Begin PBXFileReference section */
		5DFCE74D244F4713008A0600 /* Tiket.app */ = {isa = PBXFileReference; explicitFileType = wrapper.application; includeInIndex = 0; path = Tiket.app; sourceTree = BUILT_PRODUCTS_DIR; };
		5DFCE750244F4713008A0600 /* AppDelegate.swift */ = {isa = PBXFileReference; lastKnownFileType = sourcecode.swift; path = AppDelegate.swift; sourceTree = "<group>"; };
		5DFCE752244F4713008A0600 /* SceneDelegate.swift */ = {isa = PBXFileReference; lastKnownFileType = sourcecode.swift; path = SceneDelegate.swift; sourceTree = "<group>"; };
		5DFCE754244F4713008A0600 /* ViewController.swift */ = {isa = PBXFileReference; lastKnownFileType = sourcecode.swift; path = ViewController.swift; sourceTree = "<group>"; };
		5DFCE757244F4713008A0600 /* Base */ = {isa = PBXFileReference; lastKnownFileType = file.storyboard; name = Base; path = Base.lproj/Main.storyboard; sourceTree = "<group>"; };
		5DFCE759244F4719008A0600 /* Assets.xcassets */ = {isa = PBXFileReference; lastKnownFileType = folder.assetcatalog; path = Assets.xcassets; sourceTree = "<group>"; };
		5DFCE75C244F4719008A0600 /* Base */ = {isa = PBXFileReference; lastKnownFileType = file.storyboard; name = Base; path = Base.lproj/LaunchScreen.storyboard; sourceTree = "<group>"; };
		5DFCE75E244F4719008A0600 /* Info.plist */ = {isa = PBXFileReference; lastKnownFileType = text.plist.xml; path = Info.plist; sourceTree = "<group>"; };
		5DFCE763244F4719008A0600 /* TiketTests.xctest */ = {isa = PBXFileReference; explicitFileType = wrapper.cfbundle; includeInIndex = 0; path = TiketTests.xctest; sourceTree = BUILT_PRODUCTS_DIR; };
		5DFCE767244F4719008A0600 /* TiketTests.swift */ = {isa = PBXFileReference; lastKnownFileType = sourcecode.swift; path = TiketTests.swift; sourceTree = "<group>"; };
		5DFCE769244F4719008A0600 /* Info.plist */ = {isa = PBXFileReference; lastKnownFileType = text.plist.xml; path = Info.plist; sourceTree = "<group>"; };
		5DFCE76E244F4719008A0600 /* TiketUITests.xctest */ = {isa = PBXFileReference; explicitFileType = wrapper.cfbundle; includeInIndex = 0; path = TiketUITests.xctest; sourceTree = BUILT_PRODUCTS_DIR; };
		5DFCE772244F4719008A0600 /* TiketUITests.swift */ = {isa = PBXFileReference; lastKnownFileType = sourcecode.swift; path = TiketUITests.swift; sourceTree = "<group>"; };
		5DFCE774244F4719008A0600 /* Info.plist */ = {isa = PBXFileReference; lastKnownFileType = text.plist.xml; path = Info.plist; sourceTree = "<group>"; };
/* End PBXFileReference section */

/* Begin PBXFrameworksBuildPhase section */
		5DFCE74A244F4713008A0600 /* Frameworks */ = {
			isa = PBXFrameworksBuildPhase;
			buildActionMask = 2147483647;
			files = (
			);
			runOnlyForDeploymentPostprocessing = 0;
		};
		5DFCE760244F4719008A0600 /* Frameworks */ = {
			isa = PBXFrameworksBuildPhase;
			buildActionMask = 2147483647;
			files = (
			);
			runOnlyForDeploymentPostprocessing = 0;
		};
		5DFCE76B244F4719008A0600 /* Frameworks */ = {
			isa = PBXFrameworksBuildPhase;
			buildActionMask = 2147483647;
			files = (
			);
			runOnlyForDeploymentPostprocessing = 0;
		};
/* End PBXFrameworksBuildPhase section */

/* Begin PBXGroup section */
		5DFCE744244F4713008A0600 = {
			isa = PBXGroup;
			children = (
				5DFCE74F244F4713008A0600 /* Tiket */,
				5DFCE766244F4719008A0600 /* TiketTests */,
				5DFCE771244F4719008A0600 /* TiketUITests */,
				5DFCE74E244F4713008A0600 /* Products */,
			);
			sourceTree = "<group>";
		};
		5DFCE74E244F4713008A0600 /* Products */ = {
			isa = PBXGroup;
			children = (
				5DFCE74D244F4713008A0600 /* Tiket.app */,
				5DFCE763244F4719008A0600 /* TiketTests.xctest */,
				5DFCE76E244F4719008A0600 /* TiketUITests.xctest */,
			);
			name = Products;
			sourceTree = "<group>";
		};
		5DFCE74F244F4713008A0600 /* Tiket */ = {
			isa = PBXGroup;
			children = (
				5DFCE750244F4713008A0600 /* AppDelegate.swift */,
				5DFCE752244F4713008A0600 /* SceneDelegate.swift */,
				5DFCE754244F4713008A0600 /* ViewController.swift */,
				5DFCE756244F4713008A0600 /* Main.storyboard */,
				5DFCE759244F4719008A0600 /* Assets.xcassets */,
				5DFCE75B244F4719008A0600 /* LaunchScreen.storyboard */,
				5DFCE75E244F4719008A0600 /* Info.plist */,
			);
			path = Tiket;
			sourceTree = "<group>";
		};
		5DFCE766244F4719008A0600 /* TiketTests */ = {
			isa = PBXGroup;
			children = (
				5DFCE767244F4719008A0600 /* TiketTests.swift */,
				5DFCE769244F4719008A0600 /* Info.plist */,
			);
			path = TiketTests;
			sourceTree = "<group>";
		};
		5DFCE771244F4719008A0600 /* TiketUITests */ = {
			isa = PBXGroup;
			children = (
				5DFCE772244F4719008A0600 /* TiketUITests.swift */,
				5DFCE774244F4719008A0600 /* Info.plist */,
			);
			path = TiketUITests;
			sourceTree = "<group>";
		};
/* End PBXGroup section */

/* Begin PBXNativeTarget section */
		5DFCE74C244F4713008A0600 /* Tiket */ = {
			isa = PBXNativeTarget;
			buildConfigurationList = 5DFCE777244F4719008A0600 /* Build configuration list for PBXNativeTarget "Tiket" */;
			buildPhases = (
				5DFCE749244F4713008A0600 /* Sources */,
				5DFCE74A244F4713008A0600 /* Frameworks */,
				5DFCE74B244F4713008A0600 /* Resources */,
			);
			buildRules = (
			);
			dependencies = (
			);
			name = Tiket;
			productName = Tiket;
			productReference = 5DFCE74D244F4713008A0600 /* Tiket.app */;
			productType = "com.apple.product-type.application";
		};
		5DFCE762244F4719008A0600 /* TiketTests */ = {
			isa = PBXNativeTarget;
			buildConfigurationList = 5DFCE77A244F4719008A0600 /* Build configuration list for PBXNativeTarget "TiketTests" */;
			buildPhases = (
				5DFCE75F244F4719008A0600 /* Sources */,
				5DFCE760244F4719008A0600 /* Frameworks */,
				5DFCE761244F4719008A0600 /* Resources */,
			);
			buildRules = (
			);
			dependencies = (
				5DFCE765244F4719008A0600 /* PBXTargetDependency */,
			);
			name = TiketTests;
			productName = TiketTests;
			productReference = 5DFCE763244F4719008A0600 /* TiketTests.xctest */;
			productType = "com.apple.product-type.bundle.unit-test";
		};
		5DFCE76D244F4719008A0600 /* TiketUITests */ = {
			isa = PBXNativeTarget;
			buildConfigurationList = 5DFCE77D244F4719008A0600 /* Build configuration list for PBXNativeTarget "TiketUITests" */;
			buildPhases = (
				5DFCE76A244F4719008A0600 /* Sources */,
				5DFCE76B244F4719008A0600 /* Frameworks */,
				5DFCE76C244F4719008A0600 /* Resources */,
			);
			buildRules = (
			);
			dependencies = (
				5DFCE770244F4719008A0600 /* PBXTargetDependency */,
			);
			name = TiketUITests;
			productName = TiketUITests;
			productReference = 5DFCE76E244F4719008A0600 /* TiketUITests.xctest */;
			productType = "com.apple.product-type.bundle.ui-testing";
		};
/* End PBXNativeTarget section */

/* Begin PBXProject section */
		5DFCE745244F4713008A0600 /* Project object */ = {
			isa = PBXProject;
			attributes = {
				LastSwiftUpdateCheck = 1130;
				LastUpgradeCheck = 1130;
				ORGANIZATIONNAME = "Raju Riyanda";
				TargetAttributes = {
					5DFCE74C244F4713008A0600 = {
						CreatedOnToolsVersion = 11.3.1;
					};
					5DFCE762244F4719008A0600 = {
						CreatedOnToolsVersion = 11.3.1;
						TestTargetID = 5DFCE74C244F4713008A0600;
					};
					5DFCE76D244F4719008A0600 = {
						CreatedOnToolsVersion = 11.3.1;
						TestTargetID = 5DFCE74C244F4713008A0600;
					};
				};
			};
			buildConfigurationList = 5DFCE748244F4713008A0600 /* Build configuration list for PBXProject "Tiket" */;
			compatibilityVersion = "Xcode 9.3";
			developmentRegion = en;
			hasScannedForEncodings = 0;
			knownRegions = (
				en,
				Base,
			);
			mainGroup = 5DFCE744244F4713008A0600;
			productRefGroup = 5DFCE74E244F4713008A0600 /* Products */;
			projectDirPath = "";
			projectRoot = "";
			targets = (
				5DFCE74C244F4713008A0600 /* Tiket */,
				5DFCE762244F4719008A0600 /* TiketTests */,
				5DFCE76D244F4719008A0600 /* TiketUITests */,
			);
		};
/* End PBXProject section */

/* Begin PBXResourcesBuildPhase section */
		5DFCE74B244F4713008A0600 /* Resources */ = {
			isa = PBXResourcesBuildPhase;
			buildActionMask = 2147483647;
			files = (
				5DFCE75D244F4719008A0600 /* LaunchScreen.storyboard in Resources */,
				5DFCE75A244F4719008A0600 /* Assets.xcassets in Resources */,
				5DFCE758244F4713008A0600 /* Main.storyboard in Resources */,
			);
			runOnlyForDeploymentPostprocessing = 0;
		};
		5DFCE761244F4719008A0600 /* Resources */ = {
			isa = PBXResourcesBuildPhase;
			buildActionMask = 2147483647;
			files = (
			);
			runOnlyForDeploymentPostprocessing = 0;
		};
		5DFCE76C244F4719008A0600 /* Resources */ = {
			isa = PBXResourcesBuildPhase;
			buildActionMask = 2147483647;
			files = (
			);
			runOnlyForDeploymentPostprocessing = 0;
		};
/* End PBXResourcesBuildPhase section */

/* Begin PBXSourcesBuildPhase section */
		5DFCE749244F4713008A0600 /* Sources */ = {
			isa = PBXSourcesBuildPhase;
			buildActionMask = 2147483647;
			files = (
				5DFCE755244F4713008A0600 /* ViewController.swift in Sources */,
				5DFCE751244F4713008A0600 /* AppDelegate.swift in Sources */,
				5DFCE753244F4713008A0600 /* SceneDelegate.swift in Sources */,
			);
			runOnlyForDeploymentPostprocessing = 0;
		};
		5DFCE75F244F4719008A0600 /* Sources */ = {
			isa = PBXSourcesBuildPhase;
			buildActionMask = 2147483647;
			files = (
				5DFCE768244F4719008A0600 /* TiketTests.swift in Sources */,
			);
			runOnlyForDeploymentPostprocessing = 0;
		};
		5DFCE76A244F4719008A0600 /* Sources */ = {
			isa = PBXSourcesBuildPhase;
			buildActionMask = 2147483647;
			files = (
				5DFCE773244F4719008A0600 /* TiketUITests.swift in Sources */,
			);
			runOnlyForDeploymentPostprocessing = 0;
		};
/* End PBXSourcesBuildPhase section */

/* Begin PBXTargetDependency section */
		5DFCE765244F4719008A0600 /* PBXTargetDependency */ = {
			isa = PBXTargetDependency;
			target = 5DFCE74C244F4713008A0600 /* Tiket */;
			targetProxy = 5DFCE764244F4719008A0600 /* PBXContainerItemProxy */;
		};
		5DFCE770244F4719008A0600 /* PBXTargetDependency */ = {
			isa = PBXTargetDependency;
			target = 5DFCE74C244F4713008A0600 /* Tiket */;
			targetProxy = 5DFCE76F244F4719008A0600 /* PBXContainerItemProxy */;
		};
/* End PBXTargetDependency section */

/* Begin PBXVariantGroup section */
		5DFCE756244F4713008A0600 /* Main.storyboard */ = {
			isa = PBXVariantGroup;
			children = (
				5DFCE757244F4713008A0600 /* Base */,
			);
			name = Main.storyboard;
			sourceTree = "<group>";
		};
		5DFCE75B244F4719008A0600 /* LaunchScreen.storyboard */ = {
			isa = PBXVariantGroup;
			children = (
				5DFCE75C244F4719008A0600 /* Base */,
			);
			name = LaunchScreen.storyboard;
			sourceTree = "<group>";
		};
/* End PBXVariantGroup section */

/* Begin XCBuildConfiguration section */
		5DFCE775244F4719008A0600 /* Debug */ = {
			isa = XCBuildConfiguration;
			buildSettings = {
				ALWAYS_SEARCH_USER_PATHS = NO;
				CLANG_ANALYZER_NONNULL = YES;
				CLANG_ANALYZER_NUMBER_OBJECT_CONVERSION = YES_AGGRESSIVE;
				CLANG_CXX_LANGUAGE_STANDARD = "gnu++14";
				CLANG_CXX_LIBRARY = "libc++";
				CLANG_ENABLE_MODULES = YES;
				CLANG_ENABLE_OBJC_ARC = YES;
				CLANG_ENABLE_OBJC_WEAK = YES;
				CLANG_WARN_BLOCK_CAPTURE_AUTORELEASING = YES;
				CLANG_WARN_BOOL_CONVERSION = YES;
				CLANG_WARN_COMMA = YES;
				CLANG_WARN_CONSTANT_CONVERSION = YES;
				CLANG_WARN_DEPRECATED_OBJC_IMPLEMENTATIONS = YES;
				CLANG_WARN_DIRECT_OBJC_ISA_USAGE = YES_ERROR;
				CLANG_WARN_DOCUMENTATION_COMMENTS = YES;
				CLANG_WARN_EMPTY_BODY = YES;
				CLANG_WARN_ENUM_CONVERSION = YES;
				CLANG_WARN_INFINITE_RECURSION = YES;
				CLANG_WARN_INT_CONVERSION = YES;
				CLANG_WARN_NON_LITERAL_NULL_CONVERSION = YES;
				CLANG_WARN_OBJC_IMPLICIT_RETAIN_SELF = YES;
				CLANG_WARN_OBJC_LITERAL_CONVERSION = YES;
				CLANG_WARN_OBJC_ROOT_CLASS = YES_ERROR;
				CLANG_WARN_RANGE_LOOP_ANALYSIS = YES;
				CLANG_WARN_STRICT_PROTOTYPES = YES;
				CLANG_WARN_SUSPICIOUS_MOVE = YES;
				CLANG_WARN_UNGUARDED_AVAILABILITY = YES_AGGRESSIVE;
				CLANG_WARN_UNREACHABLE_CODE = YES;
				CLANG_WARN__DUPLICATE_METHOD_MATCH = YES;
				COPY_PHASE_STRIP = NO;
				DEBUG_INFORMATION_FORMAT = dwarf;
				ENABLE_STRICT_OBJC_MSGSEND = YES;
				ENABLE_TESTABILITY = YES;
				GCC_C_LANGUAGE_STANDARD = gnu11;
				GCC_DYNAMIC_NO_PIC = NO;
				GCC_NO_COMMON_BLOCKS = YES;
				GCC_OPTIMIZATION_LEVEL = 0;
				GCC_PREPROCESSOR_DEFINITIONS = (
					"DEBUG=1",
					"$(inherited)",
				);
				GCC_WARN_64_TO_32_BIT_CONVERSION = YES;
				GCC_WARN_ABOUT_RETURN_TYPE = YES_ERROR;
				GCC_WARN_UNDECLARED_SELECTOR = YES;
				GCC_WARN_UNINITIALIZED_AUTOS = YES_AGGRESSIVE;
				GCC_WARN_UNUSED_FUNCTION = YES;
				GCC_WARN_UNUSED_VARIABLE = YES;
				IPHONEOS_DEPLOYMENT_TARGET = 13.2;
				MTL_ENABLE_DEBUG_INFO = INCLUDE_SOURCE;
				MTL_FAST_MATH = YES;
				ONLY_ACTIVE_ARCH = YES;
				SDKROOT = iphoneos;
				SWIFT_ACTIVE_COMPILATION_CONDITIONS = DEBUG;
				SWIFT_OPTIMIZATION_LEVEL = "-Onone";
			};
			name = Debug;
		};
		5DFCE776244F4719008A0600 /* Release */ = {
			isa = XCBuildConfiguration;
			buildSettings = {
				ALWAYS_SEARCH_USER_PATHS = NO;
				CLANG_ANALYZER_NONNULL = YES;
				CLANG_ANALYZER_NUMBER_OBJECT_CONVERSION = YES_AGGRESSIVE;
				CLANG_CXX_LANGUAGE_STANDARD = "gnu++14";
				CLANG_CXX_LIBRARY = "libc++";
				CLANG_ENABLE_MODULES = YES;
				CLANG_ENABLE_OBJC_ARC = YES;
				CLANG_ENABLE_OBJC_WEAK = YES;
				CLANG_WARN_BLOCK_CAPTURE_AUTORELEASING = YES;
				CLANG_WARN_BOOL_CONVERSION = YES;
				CLANG_WARN_COMMA = YES;
				CLANG_WARN_CONSTANT_CONVERSION = YES;
				CLANG_WARN_DEPRECATED_OBJC_IMPLEMENTATIONS = YES;
				CLANG_WARN_DIRECT_OBJC_ISA_USAGE = YES_ERROR;
				CLANG_WARN_DOCUMENTATION_COMMENTS = YES;
				CLANG_WARN_EMPTY_BODY = YES;
				CLANG_WARN_ENUM_CONVERSION = YES;
				CLANG_WARN_INFINITE_RECURSION = YES;
				CLANG_WARN_INT_CONVERSION = YES;
				CLANG_WARN_NON_LITERAL_NULL_CONVERSION = YES;
				CLANG_WARN_OBJC_IMPLICIT_RETAIN_SELF = YES;
				CLANG_WARN_OBJC_LITERAL_CONVERSION = YES;
				CLANG_WARN_OBJC_ROOT_CLASS = YES_ERROR;
				CLANG_WARN_RANGE_LOOP_ANALYSIS = YES;
				CLANG_WARN_STRICT_PROTOTYPES = YES;
				CLANG_WARN_SUSPICIOUS_MOVE = YES;
				CLANG_WARN_UNGUARDED_AVAILABILITY = YES_AGGRESSIVE;
				CLANG_WARN_UNREACHABLE_CODE = YES;
				CLANG_WARN__DUPLICATE_METHOD_MATCH = YES;
				COPY_PHASE_STRIP = NO;
				DEBUG_INFORMATION_FORMAT = "dwarf-with-dsym";
				ENABLE_NS_ASSERTIONS = NO;
				ENABLE_STRICT_OBJC_MSGSEND = YES;
				GCC_C_LANGUAGE_STANDARD = gnu11;
				GCC_NO_COMMON_BLOCKS = YES;
				GCC_WARN_64_TO_32_BIT_CONVERSION = YES;
				GCC_WARN_ABOUT_RETURN_TYPE = YES_ERROR;
				GCC_WARN_UNDECLARED_SELECTOR = YES;
				GCC_WARN_UNINITIALIZED_AUTOS = YES_AGGRESSIVE;
				GCC_WARN_UNUSED_FUNCTION = YES;
				GCC_WARN_UNUSED_VARIABLE = YES;
				IPHONEOS_DEPLOYMENT_TARGET = 13.2;
				MTL_ENABLE_DEBUG_INFO = NO;
				MTL_FAST_MATH = YES;
				SDKROOT = iphoneos;
				SWIFT_COMPILATION_MODE = wholemodule;
				SWIFT_OPTIMIZATION_LEVEL = "-O";
				VALIDATE_PRODUCT = YES;
			};
			name = Release;
		};
		5DFCE778244F4719008A0600 /* Debug */ = {
			isa = XCBuildConfiguration;
			buildSettings = {
				ASSETCATALOG_COMPILER_APPICON_NAME = AppIcon;
				CODE_SIGN_STYLE = Automatic;
				DEVELOPMENT_TEAM = YK52W7Z6K7;
				INFOPLIST_FILE = Tiket/Info.plist;
				LD_RUNPATH_SEARCH_PATHS = (
					"$(inherited)",
					"@executable_path/Frameworks",
				);
				PRODUCT_BUNDLE_IDENTIFIER = com.testcode.Tiket;
				PRODUCT_NAME = "$(TARGET_NAME)";
				SWIFT_VERSION = 5.0;
				TARGETED_DEVICE_FAMILY = "1,2";
			};
			name = Debug;
		};
		5DFCE779244F4719008A0600 /* Release */ = {
			isa = XCBuildConfiguration;
			buildSettings = {
				ASSETCATALOG_COMPILER_APPICON_NAME = AppIcon;
				CODE_SIGN_STYLE = Automatic;
				DEVELOPMENT_TEAM = YK52W7Z6K7;
				INFOPLIST_FILE = Tiket/Info.plist;
				LD_RUNPATH_SEARCH_PATHS = (
					"$(inherited)",
					"@executable_path/Frameworks",
				);
				PRODUCT_BUNDLE_IDENTIFIER = com.testcode.Tiket;
				PRODUCT_NAME = "$(TARGET_NAME)";
				SWIFT_VERSION = 5.0;
				TARGETED_DEVICE_FAMILY = "1,2";
			};
			name = Release;
		};
		5DFCE77B244F4719008A0600 /* Debug */ = {
			isa = XCBuildConfiguration;
			buildSettings = {
				ALWAYS_EMBED_SWIFT_STANDARD_LIBRARIES = YES;
				BUNDLE_LOADER = "$(TEST_HOST)";
				CODE_SIGN_STYLE = Automatic;
				DEVELOPMENT_TEAM = YK52W7Z6K7;
				INFOPLIST_FILE = TiketTests/Info.plist;
				IPHONEOS_DEPLOYMENT_TARGET = 13.2;
				LD_RUNPATH_SEARCH_PATHS = (
					"$(inherited)",
					"@executable_path/Frameworks",
					"@loader_path/Frameworks",
				);
				PRODUCT_BUNDLE_IDENTIFIER = com.testcode.TiketTests;
				PRODUCT_NAME = "$(TARGET_NAME)";
				SWIFT_VERSION = 5.0;
				TARGETED_DEVICE_FAMILY = "1,2";
				TEST_HOST = "$(BUILT_PRODUCTS_DIR)/Tiket.app/Tiket";
			};
			name = Debug;
		};
		5DFCE77C244F4719008A0600 /* Release */ = {
			isa = XCBuildConfiguration;
			buildSettings = {
				ALWAYS_EMBED_SWIFT_STANDARD_LIBRARIES = YES;
				BUNDLE_LOADER = "$(TEST_HOST)";
				CODE_SIGN_STYLE = Automatic;
				DEVELOPMENT_TEAM = YK52W7Z6K7;
				INFOPLIST_FILE = TiketTests/Info.plist;
				IPHONEOS_DEPLOYMENT_TARGET = 13.2;
				LD_RUNPATH_SEARCH_PATHS = (
					"$(inherited)",
					"@executable_path/Frameworks",
					"@loader_path/Frameworks",
				);
				PRODUCT_BUNDLE_IDENTIFIER = com.testcode.TiketTests;
				PRODUCT_NAME = "$(TARGET_NAME)";
				SWIFT_VERSION = 5.0;
				TARGETED_DEVICE_FAMILY = "1,2";
				TEST_HOST = "$(BUILT_PRODUCTS_DIR)/Tiket.app/Tiket";
			};
			name = Release;
		};
		5DFCE77E244F4719008A0600 /* Debug */ = {
			isa = XCBuildConfiguration;
			buildSettings = {
				ALWAYS_EMBED_SWIFT_STANDARD_LIBRARIES = YES;
				CODE_SIGN_STYLE = Automatic;
				DEVELOPMENT_TEAM = YK52W7Z6K7;
				INFOPLIST_FILE = TiketUITests/Info.plist;
				LD_RUNPATH_SEARCH_PATHS = (
					"$(inherited)",
					"@executable_path/Frameworks",
					"@loader_path/Frameworks",
				);
				PRODUCT_BUNDLE_IDENTIFIER = com.testcode.TiketUITests;
				PRODUCT_NAME = "$(TARGET_NAME)";
				SWIFT_VERSION = 5.0;
				TARGETED_DEVICE_FAMILY = "1,2";
				TEST_TARGET_NAME = Tiket;
			};
			name = Debug;
		};
		5DFCE77F244F4719008A0600 /* Release */ = {
			isa = XCBuildConfiguration;
			buildSettings = {
				ALWAYS_EMBED_SWIFT_STANDARD_LIBRARIES = YES;
				CODE_SIGN_STYLE = Automatic;
				DEVELOPMENT_TEAM = YK52W7Z6K7;
				INFOPLIST_FILE = TiketUITests/Info.plist;
				LD_RUNPATH_SEARCH_PATHS = (
					"$(inherited)",
					"@executable_path/Frameworks",
					"@loader_path/Frameworks",
				);
				PRODUCT_BUNDLE_IDENTIFIER = com.testcode.TiketUITests;
				PRODUCT_NAME = "$(TARGET_NAME)";
				SWIFT_VERSION = 5.0;
				TARGETED_DEVICE_FAMILY = "1,2";
				TEST_TARGET_NAME = Tiket;
			};
			name = Release;
		};
/* End XCBuildConfiguration section */

/* Begin XCConfigurationList section */
		5DFCE748244F4713008A0600 /* Build configuration list for PBXProject "Tiket" */ = {
			isa = XCConfigurationList;
			buildConfigurations = (
				5DFCE775244F4719008A0600 /* Debug */,
				5DFCE776244F4719008A0600 /* Release */,
			);
			defaultConfigurationIsVisible = 0;
			defaultConfigurationName = Release;
		};
		5DFCE777244F4719008A0600 /* Build configuration list for PBXNativeTarget "Tiket" */ = {
			isa = XCConfigurationList;
			buildConfigurations = (
				5DFCE778244F4719008A0600 /* Debug */,
				5DFCE779244F4719008A0600 /* Release */,
			);
			defaultConfigurationIsVisible = 0;
			defaultConfigurationName = Release;
		};
		5DFCE77A244F4719008A0600 /* Build configuration list for PBXNativeTarget "TiketTests" */ = {
			isa = XCConfigurationList;
			buildConfigurations = (
				5DFCE77B244F4719008A0600 /* Debug */,
				5DFCE77C244F4719008A0600 /* Release */,
			);
			defaultConfigurationIsVisible = 0;
			defaultConfigurationName = Release;
		};
		5DFCE77D244F4719008A0600 /* Build configuration list for PBXNativeTarget "TiketUITests" */ = {
			isa = XCConfigurationList;
			buildConfigurations = (
				5DFCE77E244F4719008A0600 /* Debug */,
				5DFCE77F244F4719008A0600 /* Release */,
			);
			defaultConfigurationIsVisible = 0;
			defaultConfigurationName = Release;
		};
/* End XCConfigurationList section */
	};
	rootObject = 5DFCE745244F4713008A0600 /* Project object */;
}
